
Microsoft Visual Studio Solution File, Format Version 12.00
# Visual Studio Version 16
VisualStudioVersion = 16.0.29509.3
MinimumVisualStudioVersion = 10.0.40219.1
Project("{FAE04EC0-301F-11D3-BF4B-00C04F79EFBC}") = "WebAppFirstDemo", "WebAppFirstDemo\WebAppFirstDemo.csproj", "{C0E7DADC-37B6-411D-8641-6548EFC6CDD6}"
EndProject
Global
	GlobalSection(SolutionConfigurationPlatforms) = preSolution
		Debug|Any CPU = Debug|Any CPU
		Release|Any CPU = Release|Any CPU
	EndGlobalSection
	GlobalSection(ProjectConfigurationPlatforms) = postSolution
		{C0E7DADC-37B6-411D-8641-6548EFC6CDD6}.Debug|Any CPU.ActiveCfg = Debug|Any CPU
		{C0E7DADC-37B6-411D-8641-6548EFC6CDD6}.Debug|Any CPU.Build.0 = Debug|Any CPU
		{C0E7DADC-37B6-411D-8641-6548EFC6CDD6}.Release|Any CPU.ActiveCfg = Release|Any CPU
		{C0E7DADC-37B6-411D-8641-6548EFC6CDD6}.Release|Any CPU.Build.0 = Release|Any CPU
	EndGlobalSection
	GlobalSection(SolutionProperties) = preSolution
		HideSolutionNode = FALSE
	EndGlobalSection
	GlobalSection(ExtensibilityGlobals) = postSolution
		SolutionGuid = {D7B09E2B-BB15-4E72-B478-81C59AE47C01}
	EndGlobalSection
EndGlobal
